<?xml version="1.0" encoding="UTF-8"?>
<!DOCTYPE plist PUBLIC "-//Apple//DTD PLIST 1.0//EN" "http://www.apple.com/DTDs/PropertyList-1.0.dtd">
<plist version="1.0">
<dict>
	<key>archiveVersion</key>
	<string>1</string>
	<key>classes</key>
	<dict/>
	<key>objectVersion</key>
	<string>46</string>
	<key>objects</key>
	<dict>
		<key>0A3FCE5BE5594858A555B064</key>
		<dict>
			<key>fileRef</key>
			<string>B617685A3B8A4FB4B6F1DF69</string>
			<key>isa</key>
			<string>PBXBuildFile</string>
		</dict>
		<key>586FB5C2E5084992A9E51E46</key>
		<dict>
			<key>includeInIndex</key>
			<string>1</string>
			<key>isa</key>
			<string>PBXFileReference</string>
			<key>lastKnownFileType</key>
			<string>text.xcconfig</string>
			<key>name</key>
			<string>Pods.xcconfig</string>
			<key>path</key>
			<string>Pods/Pods.xcconfig</string>
			<key>sourceTree</key>
			<string>&lt;group&gt;</string>
		</dict>
		<key>67E2883FE3ED46BDB93E46E6</key>
		<dict>
			<key>fileRef</key>
			<string>B617685A3B8A4FB4B6F1DF69</string>
			<key>isa</key>
			<string>PBXBuildFile</string>
		</dict>
		<key>845F8F04402C4B1E914A4FEA</key>
		<dict>
			<key>buildActionMask</key>
			<string>2147483647</string>
			<key>files</key>
			<array/>
			<key>inputPaths</key>
			<array/>
			<key>isa</key>
			<string>PBXShellScriptBuildPhase</string>
			<key>name</key>
			<string>Check Pods Manifest.lock</string>
			<key>outputPaths</key>
			<array/>
			<key>runOnlyForDeploymentPostprocessing</key>
			<string>0</string>
			<key>shellPath</key>
			<string>/bin/sh</string>
			<key>shellScript</key>
			<string>diff "${PODS_ROOT}/../Podfile.lock" "${PODS_ROOT}/Manifest.lock" &gt; /dev/null
if [[ $? != 0 ]] ; then
    cat &lt;&lt; EOM
error: The sandbox is not in sync with the Podfile.lock. Run 'pod install' or update your CocoaPods installation.
EOM
    exit 1
fi
</string>
			<key>showEnvVarsInLog</key>
			<string>0</string>
		</dict>
		<key>9FB2D2AD4BA9487F94A6A5D5</key>
		<dict>
			<key>buildActionMask</key>
			<string>2147483647</string>
			<key>files</key>
			<array/>
			<key>inputPaths</key>
			<array/>
			<key>isa</key>
			<string>PBXShellScriptBuildPhase</string>
			<key>name</key>
			<string>Check Pods Manifest.lock</string>
			<key>outputPaths</key>
			<array/>
			<key>runOnlyForDeploymentPostprocessing</key>
			<string>0</string>
			<key>shellPath</key>
			<string>/bin/sh</string>
			<key>shellScript</key>
			<string>diff "${PODS_ROOT}/../Podfile.lock" "${PODS_ROOT}/Manifest.lock" &gt; /dev/null
if [[ $? != 0 ]] ; then
    cat &lt;&lt; EOM
error: The sandbox is not in sync with the Podfile.lock. Run 'pod install' or update your CocoaPods installation.
EOM
    exit 1
fi
</string>
			<key>showEnvVarsInLog</key>
			<string>0</string>
		</dict>
		<key>B462A6F7028E4551923DE0DC</key>
		<dict>
			<key>buildActionMask</key>
			<string>2147483647</string>
			<key>files</key>
			<array/>
			<key>inputPaths</key>
			<array/>
			<key>isa</key>
			<string>PBXShellScriptBuildPhase</string>
			<key>name</key>
			<string>Copy Pods Resources</string>
			<key>outputPaths</key>
			<array/>
			<key>runOnlyForDeploymentPostprocessing</key>
			<string>0</string>
			<key>shellPath</key>
			<string>/bin/sh</string>
			<key>shellScript</key>
			<string>"${SRCROOT}/Pods/Pods-resources.sh"
</string>
			<key>showEnvVarsInLog</key>
			<string>0</string>
		</dict>
		<key>B617685A3B8A4FB4B6F1DF69</key>
		<dict>
			<key>explicitFileType</key>
			<string>archive.ar</string>
			<key>includeInIndex</key>
			<string>0</string>
			<key>isa</key>
			<string>PBXFileReference</string>
			<key>path</key>
			<string>libPods.a</string>
			<key>sourceTree</key>
			<string>BUILT_PRODUCTS_DIR</string>
		</dict>
		<key>E62BC8B318CF7E990045C575</key>
		<dict>
			<key>children</key>
			<array>
				<string>E62BC8C518CF7E990045C575</string>
				<string>E62BC8E418CF7E990045C575</string>
				<string>E62BC8BE18CF7E990045C575</string>
				<string>E62BC8BD18CF7E990045C575</string>
				<string>586FB5C2E5084992A9E51E46</string>
			</array>
			<key>isa</key>
			<string>PBXGroup</string>
			<key>sourceTree</key>
			<string>&lt;group&gt;</string>
		</dict>
		<key>E62BC8B418CF7E990045C575</key>
		<dict>
			<key>attributes</key>
			<dict>
				<key>LastUpgradeCheck</key>
				<string>0500</string>
				<key>ORGANIZATIONNAME</key>
				<string>Calvin Cestari</string>
				<key>TargetAttributes</key>
				<dict>
					<key>E62BC8DC18CF7E990045C575</key>
					<dict>
						<key>TestTargetID</key>
						<string>E62BC8BB18CF7E990045C575</string>
					</dict>
				</dict>
			</dict>
			<key>buildConfigurationList</key>
			<string>E62BC8B718CF7E990045C575</string>
			<key>compatibilityVersion</key>
			<string>Xcode 3.2</string>
			<key>developmentRegion</key>
			<string>English</string>
			<key>hasScannedForEncodings</key>
			<string>0</string>
			<key>isa</key>
			<string>PBXProject</string>
			<key>knownRegions</key>
			<array>
				<string>en</string>
				<string>Base</string>
			</array>
			<key>mainGroup</key>
			<string>E62BC8B318CF7E990045C575</string>
			<key>productRefGroup</key>
			<string>E62BC8BD18CF7E990045C575</string>
			<key>projectDirPath</key>
			<string></string>
			<key>projectReferences</key>
			<array/>
			<key>projectRoot</key>
			<string></string>
			<key>targets</key>
			<array>
				<string>E62BC8BB18CF7E990045C575</string>
				<string>E62BC8DC18CF7E990045C575</string>
			</array>
		</dict>
		<key>E62BC8B718CF7E990045C575</key>
		<dict>
			<key>buildConfigurations</key>
			<array>
				<string>E62BC8EC18CF7E990045C575</string>
				<string>E62BC8ED18CF7E990045C575</string>
			</array>
			<key>defaultConfigurationIsVisible</key>
			<string>0</string>
			<key>defaultConfigurationName</key>
			<string>Release</string>
			<key>isa</key>
			<string>XCConfigurationList</string>
		</dict>
		<key>E62BC8B818CF7E990045C575</key>
		<dict>
			<key>buildActionMask</key>
			<string>2147483647</string>
			<key>files</key>
			<array>
				<string>E62BC8D618CF7E990045C575</string>
				<string>E62BC8D018CF7E990045C575</string>
				<string>E62BC8CC18CF7E990045C575</string>
			</array>
			<key>isa</key>
			<string>PBXSourcesBuildPhase</string>
			<key>runOnlyForDeploymentPostprocessing</key>
			<string>0</string>
		</dict>
		<key>E62BC8B918CF7E990045C575</key>
		<dict>
			<key>buildActionMask</key>
			<string>2147483647</string>
			<key>files</key>
			<array>
				<string>E62BC8C218CF7E990045C575</string>
				<string>E62BC8C418CF7E990045C575</string>
				<string>E62BC8C018CF7E990045C575</string>
				<string>67E2883FE3ED46BDB93E46E6</string>
			</array>
			<key>isa</key>
			<string>PBXFrameworksBuildPhase</string>
			<key>runOnlyForDeploymentPostprocessing</key>
			<string>0</string>
		</dict>
		<key>E62BC8BA18CF7E990045C575</key>
		<dict>
			<key>buildActionMask</key>
			<string>2147483647</string>
			<key>files</key>
			<array>
				<string>E62BC8D818CF7E990045C575</string>
				<string>E62BC8F518CF80A60045C575</string>
				<string>E62BC8CA18CF7E990045C575</string>
			</array>
			<key>isa</key>
			<string>PBXResourcesBuildPhase</string>
			<key>runOnlyForDeploymentPostprocessing</key>
			<string>0</string>
		</dict>
		<key>E62BC8BB18CF7E990045C575</key>
		<dict>
			<key>buildConfigurationList</key>
			<string>E62BC8EE18CF7E990045C575</string>
			<key>buildPhases</key>
			<array>
				<string>845F8F04402C4B1E914A4FEA</string>
				<string>E62BC8B818CF7E990045C575</string>
				<string>E62BC8B918CF7E990045C575</string>
				<string>E62BC8BA18CF7E990045C575</string>
				<string>B462A6F7028E4551923DE0DC</string>
			</array>
			<key>buildRules</key>
			<array/>
			<key>dependencies</key>
			<array/>
			<key>isa</key>
			<string>PBXNativeTarget</string>
			<key>name</key>
			<string>Example</string>
			<key>productName</key>
			<string>Example</string>
			<key>productReference</key>
			<string>E62BC8BC18CF7E990045C575</string>
			<key>productType</key>
			<string>com.apple.product-type.application</string>
		</dict>
		<key>E62BC8BC18CF7E990045C575</key>
		<dict>
			<key>explicitFileType</key>
			<string>wrapper.application</string>
			<key>includeInIndex</key>
			<string>0</string>
			<key>isa</key>
			<string>PBXFileReference</string>
			<key>path</key>
			<string>Example.app</string>
			<key>sourceTree</key>
			<string>BUILT_PRODUCTS_DIR</string>
		</dict>
		<key>E62BC8BD18CF7E990045C575</key>
		<dict>
			<key>children</key>
			<array>
				<string>E62BC8BC18CF7E990045C575</string>
				<string>E62BC8DD18CF7E990045C575</string>
			</array>
			<key>isa</key>
			<string>PBXGroup</string>
			<key>name</key>
			<string>Products</string>
			<key>sourceTree</key>
			<string>&lt;group&gt;</string>
		</dict>
		<key>E62BC8BE18CF7E990045C575</key>
		<dict>
			<key>children</key>
			<array>
				<string>E62BC8BF18CF7E990045C575</string>
				<string>E62BC8C118CF7E990045C575</string>
				<string>E62BC8C318CF7E990045C575</string>
				<string>E62BC8DE18CF7E990045C575</string>
				<string>B617685A3B8A4FB4B6F1DF69</string>
			</array>
			<key>isa</key>
			<string>PBXGroup</string>
			<key>name</key>
			<string>Frameworks</string>
			<key>sourceTree</key>
			<string>&lt;group&gt;</string>
		</dict>
		<key>E62BC8BF18CF7E990045C575</key>
		<dict>
			<key>isa</key>
			<string>PBXFileReference</string>
			<key>lastKnownFileType</key>
			<string>wrapper.framework</string>
			<key>name</key>
			<string>Foundation.framework</string>
			<key>path</key>
			<string>System/Library/Frameworks/Foundation.framework</string>
			<key>sourceTree</key>
			<string>SDKROOT</string>
		</dict>
		<key>E62BC8C018CF7E990045C575</key>
		<dict>
			<key>fileRef</key>
			<string>E62BC8BF18CF7E990045C575</string>
			<key>isa</key>
			<string>PBXBuildFile</string>
		</dict>
		<key>E62BC8C118CF7E990045C575</key>
		<dict>
			<key>isa</key>
			<string>PBXFileReference</string>
			<key>lastKnownFileType</key>
			<string>wrapper.framework</string>
			<key>name</key>
			<string>CoreGraphics.framework</string>
			<key>path</key>
			<string>System/Library/Frameworks/CoreGraphics.framework</string>
			<key>sourceTree</key>
			<string>SDKROOT</string>
		</dict>
		<key>E62BC8C218CF7E990045C575</key>
		<dict>
			<key>fileRef</key>
			<string>E62BC8C118CF7E990045C575</string>
			<key>isa</key>
			<string>PBXBuildFile</string>
		</dict>
		<key>E62BC8C318CF7E990045C575</key>
		<dict>
			<key>isa</key>
			<string>PBXFileReference</string>
			<key>lastKnownFileType</key>
			<string>wrapper.framework</string>
			<key>name</key>
			<string>UIKit.framework</string>
			<key>path</key>
			<string>System/Library/Frameworks/UIKit.framework</string>
			<key>sourceTree</key>
			<string>SDKROOT</string>
		</dict>
		<key>E62BC8C418CF7E990045C575</key>
		<dict>
			<key>fileRef</key>
			<string>E62BC8C318CF7E990045C575</string>
			<key>isa</key>
			<string>PBXBuildFile</string>
		</dict>
		<key>E62BC8C518CF7E990045C575</key>
		<dict>
			<key>children</key>
			<array>
				<string>E62BC8CE18CF7E990045C575</string>
				<string>E62BC8CF18CF7E990045C575</string>
				<string>E62BC8D418CF7E990045C575</string>
				<string>E62BC8D518CF7E990045C575</string>
				<string>E62BC8F418CF80A60045C575</string>
				<string>E62BC8D718CF7E990045C575</string>
				<string>E62BC8C618CF7E990045C575</string>
			</array>
			<key>isa</key>
			<string>PBXGroup</string>
			<key>path</key>
			<string>Example</string>
			<key>sourceTree</key>
			<string>&lt;group&gt;</string>
		</dict>
		<key>E62BC8C618CF7E990045C575</key>
		<dict>
			<key>children</key>
			<array>
				<string>E62BC8C718CF7E990045C575</string>
				<string>E62BC8C818CF7E990045C575</string>
				<string>E62BC8CB18CF7E990045C575</string>
				<string>E62BC8CD18CF7E990045C575</string>
			</array>
			<key>isa</key>
			<string>PBXGroup</string>
			<key>name</key>
			<string>Supporting Files</string>
			<key>sourceTree</key>
			<string>&lt;group&gt;</string>
		</dict>
		<key>E62BC8C718CF7E990045C575</key>
		<dict>
			<key>isa</key>
			<string>PBXFileReference</string>
			<key>lastKnownFileType</key>
			<string>text.plist.xml</string>
			<key>path</key>
			<string>Example-Info.plist</string>
			<key>sourceTree</key>
			<string>&lt;group&gt;</string>
		</dict>
		<key>E62BC8C818CF7E990045C575</key>
		<dict>
			<key>children</key>
			<array>
				<string>E62BC8C918CF7E990045C575</string>
			</array>
			<key>isa</key>
			<string>PBXVariantGroup</string>
			<key>name</key>
			<string>InfoPlist.strings</string>
			<key>sourceTree</key>
			<string>&lt;group&gt;</string>
		</dict>
		<key>E62BC8C918CF7E990045C575</key>
		<dict>
			<key>isa</key>
			<string>PBXFileReference</string>
			<key>lastKnownFileType</key>
			<string>text.plist.strings</string>
			<key>name</key>
			<string>en</string>
			<key>path</key>
			<string>en.lproj/InfoPlist.strings</string>
			<key>sourceTree</key>
			<string>&lt;group&gt;</string>
		</dict>
		<key>E62BC8CA18CF7E990045C575</key>
		<dict>
			<key>fileRef</key>
			<string>E62BC8C818CF7E990045C575</string>
			<key>isa</key>
			<string>PBXBuildFile</string>
		</dict>
		<key>E62BC8CB18CF7E990045C575</key>
		<dict>
			<key>isa</key>
			<string>PBXFileReference</string>
			<key>lastKnownFileType</key>
			<string>sourcecode.c.objc</string>
			<key>path</key>
			<string>main.m</string>
			<key>sourceTree</key>
			<string>&lt;group&gt;</string>
		</dict>
		<key>E62BC8CC18CF7E990045C575</key>
		<dict>
			<key>fileRef</key>
			<string>E62BC8CB18CF7E990045C575</string>
			<key>isa</key>
			<string>PBXBuildFile</string>
		</dict>
		<key>E62BC8CD18CF7E990045C575</key>
		<dict>
			<key>isa</key>
			<string>PBXFileReference</string>
			<key>lastKnownFileType</key>
			<string>sourcecode.c.h</string>
			<key>path</key>
			<string>Example-Prefix.pch</string>
			<key>sourceTree</key>
			<string>&lt;group&gt;</string>
		</dict>
		<key>E62BC8CE18CF7E990045C575</key>
		<dict>
			<key>isa</key>
			<string>PBXFileReference</string>
			<key>lastKnownFileType</key>
			<string>sourcecode.c.h</string>
			<key>path</key>
			<string>AppDelegate.h</string>
			<key>sourceTree</key>
			<string>&lt;group&gt;</string>
		</dict>
		<key>E62BC8CF18CF7E990045C575</key>
		<dict>
			<key>isa</key>
			<string>PBXFileReference</string>
			<key>lastKnownFileType</key>
			<string>sourcecode.c.objc</string>
			<key>path</key>
			<string>AppDelegate.m</string>
			<key>sourceTree</key>
			<string>&lt;group&gt;</string>
		</dict>
		<key>E62BC8D018CF7E990045C575</key>
		<dict>
			<key>fileRef</key>
			<string>E62BC8CF18CF7E990045C575</string>
			<key>isa</key>
			<string>PBXBuildFile</string>
		</dict>
		<key>E62BC8D418CF7E990045C575</key>
		<dict>
			<key>isa</key>
			<string>PBXFileReference</string>
			<key>lastKnownFileType</key>
			<string>sourcecode.c.h</string>
			<key>path</key>
			<string>ViewController.h</string>
			<key>sourceTree</key>
			<string>&lt;group&gt;</string>
		</dict>
		<key>E62BC8D518CF7E990045C575</key>
		<dict>
			<key>isa</key>
			<string>PBXFileReference</string>
			<key>lastKnownFileType</key>
			<string>sourcecode.c.objc</string>
			<key>path</key>
			<string>ViewController.m</string>
			<key>sourceTree</key>
			<string>&lt;group&gt;</string>
		</dict>
		<key>E62BC8D618CF7E990045C575</key>
		<dict>
			<key>fileRef</key>
			<string>E62BC8D518CF7E990045C575</string>
			<key>isa</key>
			<string>PBXBuildFile</string>
		</dict>
		<key>E62BC8D718CF7E990045C575</key>
		<dict>
			<key>isa</key>
			<string>PBXFileReference</string>
			<key>lastKnownFileType</key>
			<string>folder.assetcatalog</string>
			<key>path</key>
			<string>Images.xcassets</string>
			<key>sourceTree</key>
			<string>&lt;group&gt;</string>
		</dict>
		<key>E62BC8D818CF7E990045C575</key>
		<dict>
			<key>fileRef</key>
			<string>E62BC8D718CF7E990045C575</string>
			<key>isa</key>
			<string>PBXBuildFile</string>
		</dict>
		<key>E62BC8D918CF7E990045C575</key>
		<dict>
			<key>buildActionMask</key>
			<string>2147483647</string>
			<key>files</key>
			<array>
				<string>E62BC8EB18CF7E990045C575</string>
			</array>
			<key>isa</key>
			<string>PBXSourcesBuildPhase</string>
			<key>runOnlyForDeploymentPostprocessing</key>
			<string>0</string>
		</dict>
		<key>E62BC8DA18CF7E990045C575</key>
		<dict>
			<key>buildActionMask</key>
			<string>2147483647</string>
			<key>files</key>
			<array>
				<string>E62BC8DF18CF7E990045C575</string>
				<string>E62BC8E118CF7E990045C575</string>
				<string>E62BC8E018CF7E990045C575</string>
				<string>0A3FCE5BE5594858A555B064</string>
			</array>
			<key>isa</key>
			<string>PBXFrameworksBuildPhase</string>
			<key>runOnlyForDeploymentPostprocessing</key>
			<string>0</string>
		</dict>
		<key>E62BC8DB18CF7E990045C575</key>
		<dict>
			<key>buildActionMask</key>
			<string>2147483647</string>
			<key>files</key>
			<array>
				<string>E62BC8E918CF7E990045C575</string>
			</array>
			<key>isa</key>
			<string>PBXResourcesBuildPhase</string>
			<key>runOnlyForDeploymentPostprocessing</key>
			<string>0</string>
		</dict>
		<key>E62BC8DC18CF7E990045C575</key>
		<dict>
			<key>buildConfigurationList</key>
			<string>E62BC8F118CF7E990045C575</string>
			<key>buildPhases</key>
			<array>
				<string>9FB2D2AD4BA9487F94A6A5D5</string>
				<string>E62BC8D918CF7E990045C575</string>
				<string>E62BC8DA18CF7E990045C575</string>
				<string>E62BC8DB18CF7E990045C575</string>
				<string>FF2B085594F74E399E2A9982</string>
			</array>
			<key>buildRules</key>
			<array/>
			<key>dependencies</key>
			<array>
				<string>E62BC8E318CF7E990045C575</string>
			</array>
			<key>isa</key>
			<string>PBXNativeTarget</string>
			<key>name</key>
			<string>ExampleTests</string>
			<key>productName</key>
			<string>ExampleTests</string>
			<key>productReference</key>
			<string>E62BC8DD18CF7E990045C575</string>
			<key>productType</key>
			<string>com.apple.product-type.bundle.unit-test</string>
		</dict>
		<key>E62BC8DD18CF7E990045C575</key>
		<dict>
			<key>explicitFileType</key>
			<string>wrapper.cfbundle</string>
			<key>includeInIndex</key>
			<string>0</string>
			<key>isa</key>
			<string>PBXFileReference</string>
			<key>path</key>
			<string>ExampleTests.xctest</string>
			<key>sourceTree</key>
			<string>BUILT_PRODUCTS_DIR</string>
		</dict>
		<key>E62BC8DE18CF7E990045C575</key>
		<dict>
			<key>isa</key>
			<string>PBXFileReference</string>
			<key>lastKnownFileType</key>
			<string>wrapper.framework</string>
			<key>name</key>
			<string>XCTest.framework</string>
			<key>path</key>
			<string>Library/Frameworks/XCTest.framework</string>
			<key>sourceTree</key>
			<string>DEVELOPER_DIR</string>
		</dict>
		<key>E62BC8DF18CF7E990045C575</key>
		<dict>
			<key>fileRef</key>
			<string>E62BC8DE18CF7E990045C575</string>
			<key>isa</key>
			<string>PBXBuildFile</string>
		</dict>
		<key>E62BC8E018CF7E990045C575</key>
		<dict>
			<key>fileRef</key>
			<string>E62BC8BF18CF7E990045C575</string>
			<key>isa</key>
			<string>PBXBuildFile</string>
		</dict>
		<key>E62BC8E118CF7E990045C575</key>
		<dict>
			<key>fileRef</key>
			<string>E62BC8C318CF7E990045C575</string>
			<key>isa</key>
			<string>PBXBuildFile</string>
		</dict>
		<key>E62BC8E218CF7E990045C575</key>
		<dict>
			<key>containerPortal</key>
			<string>E62BC8B418CF7E990045C575</string>
			<key>isa</key>
			<string>PBXContainerItemProxy</string>
			<key>proxyType</key>
			<string>1</string>
			<key>remoteGlobalIDString</key>
			<string>E62BC8BB18CF7E990045C575</string>
			<key>remoteInfo</key>
			<string>Example</string>
		</dict>
		<key>E62BC8E318CF7E990045C575</key>
		<dict>
			<key>isa</key>
			<string>PBXTargetDependency</string>
			<key>target</key>
			<string>E62BC8BB18CF7E990045C575</string>
			<key>targetProxy</key>
			<string>E62BC8E218CF7E990045C575</string>
		</dict>
		<key>E62BC8E418CF7E990045C575</key>
		<dict>
			<key>children</key>
			<array>
				<string>E62BC8EA18CF7E990045C575</string>
				<string>E62BC8E518CF7E990045C575</string>
			</array>
			<key>isa</key>
			<string>PBXGroup</string>
			<key>path</key>
			<string>ExampleTests</string>
			<key>sourceTree</key>
			<string>&lt;group&gt;</string>
		</dict>
		<key>E62BC8E518CF7E990045C575</key>
		<dict>
			<key>children</key>
			<array>
				<string>E62BC8E618CF7E990045C575</string>
				<string>E62BC8E718CF7E990045C575</string>
			</array>
			<key>isa</key>
			<string>PBXGroup</string>
			<key>name</key>
			<string>Supporting Files</string>
			<key>sourceTree</key>
			<string>&lt;group&gt;</string>
		</dict>
		<key>E62BC8E618CF7E990045C575</key>
		<dict>
			<key>isa</key>
			<string>PBXFileReference</string>
			<key>lastKnownFileType</key>
			<string>text.plist.xml</string>
			<key>path</key>
			<string>ExampleTests-Info.plist</string>
			<key>sourceTree</key>
			<string>&lt;group&gt;</string>
		</dict>
		<key>E62BC8E718CF7E990045C575</key>
		<dict>
			<key>children</key>
			<array>
				<string>E62BC8E818CF7E990045C575</string>
			</array>
			<key>isa</key>
			<string>PBXVariantGroup</string>
			<key>name</key>
			<string>InfoPlist.strings</string>
			<key>sourceTree</key>
			<string>&lt;group&gt;</string>
		</dict>
		<key>E62BC8E818CF7E990045C575</key>
		<dict>
			<key>isa</key>
			<string>PBXFileReference</string>
			<key>lastKnownFileType</key>
			<string>text.plist.strings</string>
			<key>name</key>
			<string>en</string>
			<key>path</key>
			<string>en.lproj/InfoPlist.strings</string>
			<key>sourceTree</key>
			<string>&lt;group&gt;</string>
		</dict>
		<key>E62BC8E918CF7E990045C575</key>
		<dict>
			<key>fileRef</key>
			<string>E62BC8E718CF7E990045C575</string>
			<key>isa</key>
			<string>PBXBuildFile</string>
		</dict>
		<key>E62BC8EA18CF7E990045C575</key>
		<dict>
			<key>isa</key>
			<string>PBXFileReference</string>
			<key>lastKnownFileType</key>
			<string>sourcecode.c.objc</string>
			<key>path</key>
			<string>ExampleTests.m</string>
			<key>sourceTree</key>
			<string>&lt;group&gt;</string>
		</dict>
		<key>E62BC8EB18CF7E990045C575</key>
		<dict>
			<key>fileRef</key>
			<string>E62BC8EA18CF7E990045C575</string>
			<key>isa</key>
			<string>PBXBuildFile</string>
		</dict>
		<key>E62BC8EC18CF7E990045C575</key>
		<dict>
			<key>buildSettings</key>
			<dict>
				<key>ALWAYS_SEARCH_USER_PATHS</key>
				<string>NO</string>
				<key>ARCHS</key>
				<string>$(ARCHS_STANDARD_INCLUDING_64_BIT)</string>
				<key>CLANG_CXX_LANGUAGE_STANDARD</key>
				<string>gnu++0x</string>
				<key>CLANG_CXX_LIBRARY</key>
				<string>libc++</string>
				<key>CLANG_ENABLE_MODULES</key>
				<string>YES</string>
				<key>CLANG_ENABLE_OBJC_ARC</key>
				<string>YES</string>
				<key>CLANG_WARN_BOOL_CONVERSION</key>
				<string>YES</string>
				<key>CLANG_WARN_CONSTANT_CONVERSION</key>
				<string>YES</string>
				<key>CLANG_WARN_DIRECT_OBJC_ISA_USAGE</key>
				<string>YES_ERROR</string>
				<key>CLANG_WARN_EMPTY_BODY</key>
				<string>YES</string>
				<key>CLANG_WARN_ENUM_CONVERSION</key>
				<string>YES</string>
				<key>CLANG_WARN_INT_CONVERSION</key>
				<string>YES</string>
				<key>CLANG_WARN_OBJC_ROOT_CLASS</key>
				<string>YES_ERROR</string>
				<key>CLANG_WARN__DUPLICATE_METHOD_MATCH</key>
				<string>YES</string>
				<key>CODE_SIGN_IDENTITY[sdk=iphoneos*]</key>
				<string>iPhone Developer</string>
				<key>COPY_PHASE_STRIP</key>
				<string>NO</string>
				<key>GCC_C_LANGUAGE_STANDARD</key>
				<string>gnu99</string>
				<key>GCC_DYNAMIC_NO_PIC</key>
				<string>NO</string>
				<key>GCC_OPTIMIZATION_LEVEL</key>
				<string>0</string>
				<key>GCC_PREPROCESSOR_DEFINITIONS</key>
				<array>
					<string>DEBUG=1</string>
					<string>$(inherited)</string>
				</array>
				<key>GCC_SYMBOLS_PRIVATE_EXTERN</key>
				<string>NO</string>
				<key>GCC_WARN_64_TO_32_BIT_CONVERSION</key>
				<string>YES</string>
				<key>GCC_WARN_ABOUT_RETURN_TYPE</key>
				<string>YES_ERROR</string>
				<key>GCC_WARN_UNDECLARED_SELECTOR</key>
				<string>YES</string>
				<key>GCC_WARN_UNINITIALIZED_AUTOS</key>
				<string>YES</string>
				<key>GCC_WARN_UNUSED_FUNCTION</key>
				<string>YES</string>
				<key>GCC_WARN_UNUSED_VARIABLE</key>
				<string>YES</string>
				<key>IPHONEOS_DEPLOYMENT_TARGET</key>
				<string>7.0</string>
				<key>ONLY_ACTIVE_ARCH</key>
				<string>YES</string>
				<key>SDKROOT</key>
				<string>iphoneos</string>
			</dict>
			<key>isa</key>
			<string>XCBuildConfiguration</string>
			<key>name</key>
			<string>Debug</string>
		</dict>
		<key>E62BC8ED18CF7E990045C575</key>
		<dict>
			<key>buildSettings</key>
			<dict>
				<key>ALWAYS_SEARCH_USER_PATHS</key>
				<string>NO</string>
				<key>ARCHS</key>
				<string>$(ARCHS_STANDARD_INCLUDING_64_BIT)</string>
				<key>CLANG_CXX_LANGUAGE_STANDARD</key>
				<string>gnu++0x</string>
				<key>CLANG_CXX_LIBRARY</key>
				<string>libc++</string>
				<key>CLANG_ENABLE_MODULES</key>
				<string>YES</string>
				<key>CLANG_ENABLE_OBJC_ARC</key>
				<string>YES</string>
				<key>CLANG_WARN_BOOL_CONVERSION</key>
				<string>YES</string>
				<key>CLANG_WARN_CONSTANT_CONVERSION</key>
				<string>YES</string>
				<key>CLANG_WARN_DIRECT_OBJC_ISA_USAGE</key>
				<string>YES_ERROR</string>
				<key>CLANG_WARN_EMPTY_BODY</key>
				<string>YES</string>
				<key>CLANG_WARN_ENUM_CONVERSION</key>
				<string>YES</string>
				<key>CLANG_WARN_INT_CONVERSION</key>
				<string>YES</string>
				<key>CLANG_WARN_OBJC_ROOT_CLASS</key>
				<string>YES_ERROR</string>
				<key>CLANG_WARN__DUPLICATE_METHOD_MATCH</key>
				<string>YES</string>
				<key>CODE_SIGN_IDENTITY[sdk=iphoneos*]</key>
				<string>iPhone Developer</string>
				<key>COPY_PHASE_STRIP</key>
				<string>YES</string>
				<key>ENABLE_NS_ASSERTIONS</key>
				<string>NO</string>
				<key>GCC_C_LANGUAGE_STANDARD</key>
				<string>gnu99</string>
				<key>GCC_WARN_64_TO_32_BIT_CONVERSION</key>
				<string>YES</string>
				<key>GCC_WARN_ABOUT_RETURN_TYPE</key>
				<string>YES_ERROR</string>
				<key>GCC_WARN_UNDECLARED_SELECTOR</key>
				<string>YES</string>
				<key>GCC_WARN_UNINITIALIZED_AUTOS</key>
				<string>YES</string>
				<key>GCC_WARN_UNUSED_FUNCTION</key>
				<string>YES</string>
				<key>GCC_WARN_UNUSED_VARIABLE</key>
				<string>YES</string>
				<key>IPHONEOS_DEPLOYMENT_TARGET</key>
				<string>7.0</string>
				<key>SDKROOT</key>
				<string>iphoneos</string>
				<key>VALIDATE_PRODUCT</key>
				<string>YES</string>
			</dict>
			<key>isa</key>
			<string>XCBuildConfiguration</string>
			<key>name</key>
			<string>Release</string>
		</dict>
		<key>E62BC8EE18CF7E990045C575</key>
		<dict>
			<key>buildConfigurations</key>
			<array>
				<string>E62BC8EF18CF7E990045C575</string>
				<string>E62BC8F018CF7E990045C575</string>
			</array>
			<key>defaultConfigurationIsVisible</key>
			<string>0</string>
			<key>defaultConfigurationName</key>
			<string>Release</string>
			<key>isa</key>
			<string>XCConfigurationList</string>
		</dict>
		<key>E62BC8EF18CF7E990045C575</key>
		<dict>
			<key>baseConfigurationReference</key>
			<string>586FB5C2E5084992A9E51E46</string>
			<key>buildSettings</key>
			<dict>
				<key>ASSETCATALOG_COMPILER_APPICON_NAME</key>
				<string>AppIcon</string>
				<key>ASSETCATALOG_COMPILER_LAUNCHIMAGE_NAME</key>
				<string>LaunchImage</string>
				<key>GCC_PRECOMPILE_PREFIX_HEADER</key>
				<string>YES</string>
				<key>GCC_PREFIX_HEADER</key>
				<string>Example/Example-Prefix.pch</string>
				<key>INFOPLIST_FILE</key>
				<string>Example/Example-Info.plist</string>
				<key>IPHONEOS_DEPLOYMENT_TARGET</key>
				<string>6.0</string>
				<key>PRODUCT_NAME</key>
				<string>$(TARGET_NAME)</string>
				<key>WRAPPER_EXTENSION</key>
				<string>app</string>
			</dict>
			<key>isa</key>
			<string>XCBuildConfiguration</string>
			<key>name</key>
			<string>Debug</string>
		</dict>
		<key>E62BC8F018CF7E990045C575</key>
		<dict>
			<key>baseConfigurationReference</key>
			<string>586FB5C2E5084992A9E51E46</string>
			<key>buildSettings</key>
			<dict>
				<key>ASSETCATALOG_COMPILER_APPICON_NAME</key>
				<string>AppIcon</string>
				<key>ASSETCATALOG_COMPILER_LAUNCHIMAGE_NAME</key>
				<string>LaunchImage</string>
				<key>GCC_PRECOMPILE_PREFIX_HEADER</key>
				<string>YES</string>
				<key>GCC_PREFIX_HEADER</key>
				<string>Example/Example-Prefix.pch</string>
				<key>INFOPLIST_FILE</key>
				<string>Example/Example-Info.plist</string>
				<key>IPHONEOS_DEPLOYMENT_TARGET</key>
				<string>6.0</string>
				<key>PRODUCT_NAME</key>
				<string>$(TARGET_NAME)</string>
				<key>WRAPPER_EXTENSION</key>
				<string>app</string>
			</dict>
			<key>isa</key>
			<string>XCBuildConfiguration</string>
			<key>name</key>
			<string>Release</string>
		</dict>
		<key>E62BC8F118CF7E990045C575</key>
		<dict>
			<key>buildConfigurations</key>
			<array>
				<string>E62BC8F218CF7E990045C575</string>
				<string>E62BC8F318CF7E990045C575</string>
			</array>
			<key>defaultConfigurationIsVisible</key>
			<string>0</string>
			<key>defaultConfigurationName</key>
			<string>Release</string>
			<key>isa</key>
			<string>XCConfigurationList</string>
		</dict>
		<key>E62BC8F218CF7E990045C575</key>
		<dict>
			<key>baseConfigurationReference</key>
			<string>586FB5C2E5084992A9E51E46</string>
			<key>buildSettings</key>
			<dict>
				<key>ARCHS</key>
				<string>$(ARCHS_STANDARD_INCLUDING_64_BIT)</string>
				<key>BUNDLE_LOADER</key>
				<string>$(BUILT_PRODUCTS_DIR)/Example.app/Example</string>
				<key>FRAMEWORK_SEARCH_PATHS</key>
				<array>
					<string>$(SDKROOT)/Developer/Library/Frameworks</string>
					<string>$(inherited)</string>
					<string>$(DEVELOPER_FRAMEWORKS_DIR)</string>
				</array>
				<key>GCC_PRECOMPILE_PREFIX_HEADER</key>
				<string>YES</string>
				<key>GCC_PREFIX_HEADER</key>
				<string>Example/Example-Prefix.pch</string>
				<key>GCC_PREPROCESSOR_DEFINITIONS</key>
				<array>
					<string>DEBUG=1</string>
					<string>$(inherited)</string>
				</array>
				<key>INFOPLIST_FILE</key>
				<string>ExampleTests/ExampleTests-Info.plist</string>
				<key>PRODUCT_NAME</key>
				<string>$(TARGET_NAME)</string>
				<key>TEST_HOST</key>
				<string>$(BUNDLE_LOADER)</string>
				<key>WRAPPER_EXTENSION</key>
				<string>xctest</string>
			</dict>
			<key>isa</key>
			<string>XCBuildConfiguration</string>
			<key>name</key>
			<string>Debug</string>
		</dict>
		<key>E62BC8F318CF7E990045C575</key>
		<dict>
			<key>baseConfigurationReference</key>
			<string>586FB5C2E5084992A9E51E46</string>
			<key>buildSettings</key>
			<dict>
				<key>ARCHS</key>
				<string>$(ARCHS_STANDARD_INCLUDING_64_BIT)</string>
				<key>BUNDLE_LOADER</key>
				<string>$(BUILT_PRODUCTS_DIR)/Example.app/Example</string>
				<key>FRAMEWORK_SEARCH_PATHS</key>
				<array>
					<string>$(SDKROOT)/Developer/Library/Frameworks</string>
					<string>$(inherited)</string>
					<string>$(DEVELOPER_FRAMEWORKS_DIR)</string>
				</array>
				<key>GCC_PRECOMPILE_PREFIX_HEADER</key>
				<string>YES</string>
				<key>GCC_PREFIX_HEADER</key>
				<string>Example/Example-Prefix.pch</string>
				<key>INFOPLIST_FILE</key>
				<string>ExampleTests/ExampleTests-Info.plist</string>
				<key>PRODUCT_NAME</key>
				<string>$(TARGET_NAME)</string>
				<key>TEST_HOST</key>
				<string>$(BUNDLE_LOADER)</string>
				<key>WRAPPER_EXTENSION</key>
				<string>xctest</string>
			</dict>
			<key>isa</key>
			<string>XCBuildConfiguration</string>
			<key>name</key>
			<string>Release</string>
		</dict>
		<key>E62BC8F418CF80A60045C575</key>
		<dict>
			<key>fileEncoding</key>
			<string>4</string>
			<key>isa</key>
			<string>PBXFileReference</string>
			<key>lastKnownFileType</key>
			<string>file.xib</string>
			<key>path</key>
			<string>ViewController.xib</string>
			<key>sourceTree</key>
			<string>&lt;group&gt;</string>
		</dict>
		<key>E62BC8F518CF80A60045C575</key>
		<dict>
			<key>fileRef</key>
			<string>E62BC8F418CF80A60045C575</string>
			<key>isa</key>
			<string>PBXBuildFile</string>
		</dict>
		<key>FF2B085594F74E399E2A9982</key>
		<dict>
			<key>buildActionMask</key>
			<string>2147483647</string>
			<key>files</key>
			<array/>
			<key>inputPaths</key>
			<array/>
			<key>isa</key>
			<string>PBXShellScriptBuildPhase</string>
			<key>name</key>
			<string>Copy Pods Resources</string>
			<key>outputPaths</key>
			<array/>
			<key>runOnlyForDeploymentPostprocessing</key>
			<string>0</string>
			<key>shellPath</key>
			<string>/bin/sh</string>
			<key>shellScript</key>
			<string>"${SRCROOT}/Pods/Pods-resources.sh"
</string>
			<key>showEnvVarsInLog</key>
			<string>0</string>
		</dict>
	</dict>
	<key>rootObject</key>
	<string>E62BC8B418CF7E990045C575</string>
</dict>
</plist>
